
Microsoft Visual Studio Solution File, Format Version 12.00
# Visual Studio 15
Project("{FAE04EC0-301F-11D3-BF4B-00C04F79EFBC}") = "Occupi.iOS", "Occupi.iOS\Occupi.iOS.csproj", "{9A79B050-F191-406F-9691-E3C6D7F3C323}"
EndProject
Project("{FAE04EC0-301F-11D3-BF4B-00C04F79EFBC}") = "Occupi", "Occupi\Occupi.csproj", "{41294E22-7D15-4FE7-B4BE-C51567284574}"
EndProject
Project("{FAE04EC0-301F-11D3-BF4B-00C04F79EFBC}") = "PAT.Portable", "PAT.Portable\PAT.Portable.csproj", "{B12293C3-A3EF-4EE8-8AEC-3F2E1F7062F4}"
EndProject
Project("{9344BDBB-3E7F-41FC-A0DD-8665D75EE146}") = "Occupi.Android", "Occupi.Android\Occupi.Android.csproj", "{9E0557CB-E0BC-42DC-87AB-C4DC162069B0}"
EndProject
Global
	GlobalSection(SolutionConfigurationPlatforms) = preSolution
		Debug|Any CPU = Debug|Any CPU
		Release|Any CPU = Release|Any CPU
		Debug|iPhoneSimulator = Debug|iPhoneSimulator
		Release|iPhoneSimulator = Release|iPhoneSimulator
		Debug|iPhone = Debug|iPhone
		Release|iPhone = Release|iPhone
	EndGlobalSection
	GlobalSection(ProjectConfigurationPlatforms) = postSolution
		{9A79B050-F191-406F-9691-E3C6D7F3C323}.Debug|Any CPU.ActiveCfg = Debug|iPhoneSimulator
		{9A79B050-F191-406F-9691-E3C6D7F3C323}.Debug|Any CPU.Build.0 = Debug|iPhoneSimulator
		{9A79B050-F191-406F-9691-E3C6D7F3C323}.Release|Any CPU.ActiveCfg = Release|iPhoneSimulator
		{9A79B050-F191-406F-9691-E3C6D7F3C323}.Release|Any CPU.Build.0 = Release|iPhoneSimulator
		{9A79B050-F191-406F-9691-E3C6D7F3C323}.Debug|iPhoneSimulator.ActiveCfg = Debug|iPhoneSimulator
		{9A79B050-F191-406F-9691-E3C6D7F3C323}.Debug|iPhoneSimulator.Build.0 = Debug|iPhoneSimulator
		{9A79B050-F191-406F-9691-E3C6D7F3C323}.Release|iPhoneSimulator.ActiveCfg = Release|iPhoneSimulator
		{9A79B050-F191-406F-9691-E3C6D7F3C323}.Release|iPhoneSimulator.Build.0 = Release|iPhoneSimulator
		{9A79B050-F191-406F-9691-E3C6D7F3C323}.Debug|iPhone.ActiveCfg = Debug|iPhone
		{9A79B050-F191-406F-9691-E3C6D7F3C323}.Debug|iPhone.Build.0 = Debug|iPhone
		{9A79B050-F191-406F-9691-E3C6D7F3C323}.Release|iPhone.ActiveCfg = Release|iPhone
		{9A79B050-F191-406F-9691-E3C6D7F3C323}.Release|iPhone.Build.0 = Release|iPhone
		{41294E22-7D15-4FE7-B4BE-C51567284574}.Debug|Any CPU.ActiveCfg = Debug|Any CPU
		{41294E22-7D15-4FE7-B4BE-C51567284574}.Debug|Any CPU.Build.0 = Debug|Any CPU
		{41294E22-7D15-4FE7-B4BE-C51567284574}.Release|Any CPU.ActiveCfg = Release|Any CPU
		{41294E22-7D15-4FE7-B4BE-C51567284574}.Release|Any CPU.Build.0 = Release|Any CPU
		{41294E22-7D15-4FE7-B4BE-C51567284574}.Debug|iPhoneSimulator.ActiveCfg = Debug|Any CPU
		{41294E22-7D15-4FE7-B4BE-C51567284574}.Debug|iPhoneSimulator.Build.0 = Debug|Any CPU
		{41294E22-7D15-4FE7-B4BE-C51567284574}.Release|iPhoneSimulator.ActiveCfg = Release|Any CPU
		{41294E22-7D15-4FE7-B4BE-C51567284574}.Release|iPhoneSimulator.Build.0 = Release|Any CPU
		{41294E22-7D15-4FE7-B4BE-C51567284574}.Debug|iPhone.ActiveCfg = Debug|Any CPU
		{41294E22-7D15-4FE7-B4BE-C51567284574}.Debug|iPhone.Build.0 = Debug|Any CPU
		{41294E22-7D15-4FE7-B4BE-C51567284574}.Release|iPhone.ActiveCfg = Release|Any CPU
		{41294E22-7D15-4FE7-B4BE-C51567284574}.Release|iPhone.Build.0 = Release|Any CPU
		{B12293C3-A3EF-4EE8-8AEC-3F2E1F7062F4}.Debug|Any CPU.ActiveCfg = Debug|Any CPU
		{B12293C3-A3EF-4EE8-8AEC-3F2E1F7062F4}.Debug|Any CPU.Build.0 = Debug|Any CPU
		{B12293C3-A3EF-4EE8-8AEC-3F2E1F7062F4}.Release|Any CPU.ActiveCfg = Release|Any CPU
		{B12293C3-A3EF-4EE8-8AEC-3F2E1F7062F4}.Release|Any CPU.Build.0 = Release|Any CPU
		{B12293C3-A3EF-4EE8-8AEC-3F2E1F7062F4}.Debug|iPhoneSimulator.ActiveCfg = Debug|Any CPU
		{B12293C3-A3EF-4EE8-8AEC-3F2E1F7062F4}.Debug|iPhoneSimulator.Build.0 = Debug|Any CPU
		{B12293C3-A3EF-4EE8-8AEC-3F2E1F7062F4}.Release|iPhoneSimulator.ActiveCfg = Release|Any CPU
		{B12293C3-A3EF-4EE8-8AEC-3F2E1F7062F4}.Release|iPhoneSimulator.Build.0 = Release|Any CPU
		{B12293C3-A3EF-4EE8-8AEC-3F2E1F7062F4}.Debug|iPhone.ActiveCfg = Debug|Any CPU
		{B12293C3-A3EF-4EE8-8AEC-3F2E1F7062F4}.Debug|iPhone.Build.0 = Debug|Any CPU
		{B12293C3-A3EF-4EE8-8AEC-3F2E1F7062F4}.Release|iPhone.ActiveCfg = Release|Any CPU
		{B12293C3-A3EF-4EE8-8AEC-3F2E1F7062F4}.Release|iPhone.Build.0 = Release|Any CPU
		{9E0557CB-E0BC-42DC-87AB-C4DC162069B0}.Debug|Any CPU.ActiveCfg = Debug|Any CPU
		{9E0557CB-E0BC-42DC-87AB-C4DC162069B0}.Debug|Any CPU.Build.0 = Debug|Any CPU
		{9E0557CB-E0BC-42DC-87AB-C4DC162069B0}.Release|Any CPU.ActiveCfg = Release|Any CPU
		{9E0557CB-E0BC-42DC-87AB-C4DC162069B0}.Release|Any CPU.Build.0 = Release|Any CPU
		{9E0557CB-E0BC-42DC-87AB-C4DC162069B0}.Debug|iPhoneSimulator.ActiveCfg = Debug|Any CPU
		{9E0557CB-E0BC-42DC-87AB-C4DC162069B0}.Debug|iPhoneSimulator.Build.0 = Debug|Any CPU
		{9E0557CB-E0BC-42DC-87AB-C4DC162069B0}.Release|iPhoneSimulator.ActiveCfg = Release|Any CPU
		{9E0557CB-E0BC-42DC-87AB-C4DC162069B0}.Release|iPhoneSimulator.Build.0 = Release|Any CPU
		{9E0557CB-E0BC-42DC-87AB-C4DC162069B0}.Debug|iPhone.ActiveCfg = Debug|Any CPU
		{9E0557CB-E0BC-42DC-87AB-C4DC162069B0}.Debug|iPhone.Build.0 = Debug|Any CPU
		{9E0557CB-E0BC-42DC-87AB-C4DC162069B0}.Release|iPhone.ActiveCfg = Release|Any CPU
		{9E0557CB-E0BC-42DC-87AB-C4DC162069B0}.Release|iPhone.Build.0 = Release|Any CPU
	EndGlobalSection
EndGlobal
